
Microsoft Visual Studio Solution File, Format Version 12.00
# Visual Studio Version 16
VisualStudioVersion = 16.0.31313.79
MinimumVisualStudioVersion = 10.0.40219.1
Project("{FAE04EC0-301F-11D3-BF4B-00C04F79EFBC}") = "ApplicationInsights.RequestResponseLogging", "ApplicationInsights.RequestResponseLogging.csproj", "{CDBBEAE2-55F7-4E79-9D3C-4A0FCAAE617F}"
EndProject
Global
	GlobalSection(SolutionConfigurationPlatforms) = preSolution
		Debug|Any CPU = Debug|Any CPU
		Release|Any CPU = Release|Any CPU
	EndGlobalSection
	GlobalSection(ProjectConfigurationPlatforms) = postSolution
		{CDBBEAE2-55F7-4E79-9D3C-4A0FCAAE617F}.Debug|Any CPU.ActiveCfg = Debug|Any CPU
		{CDBBEAE2-55F7-4E79-9D3C-4A0FCAAE617F}.Debug|Any CPU.Build.0 = Debug|Any CPU
		{CDBBEAE2-55F7-4E79-9D3C-4A0FCAAE617F}.Release|Any CPU.ActiveCfg = Release|Any CPU
		{CDBBEAE2-55F7-4E79-9D3C-4A0FCAAE617F}.Release|Any CPU.Build.0 = Release|Any CPU
	EndGlobalSection
	GlobalSection(SolutionProperties) = preSolution
		HideSolutionNode = FALSE
	EndGlobalSection
	GlobalSection(ExtensibilityGlobals) = postSolution
		SolutionGuid = {B69EA542-4AAE-47D4-AF7F-3F36A3FD8371}
	EndGlobalSection
EndGlobal
